PODS:
  - Capacitor (6.2.1):
    - CapacitorCordova
  - CapacitorCamera (6.1.3):
    - Capacitor
  - CapacitorCordova (6.2.1)
  - CapacitorFilesystem (6.0.4):
    - Capacitor
  - CapacitorPreferences (6.0.4):
    - Capacitor

DEPENDENCIES:
  - "Capacitor (from `../../node_modules/@capacitor/ios`)"
  - "CapacitorCamera (from `../../node_modules/@capacitor/camera`)"
  - "CapacitorCordova (from `../../node_modules/@capacitor/ios`)"
  - "CapacitorFilesystem (from `../../node_modules/@capacitor/filesystem`)"
  - "CapacitorPreferences (from `../../node_modules/@capacitor/preferences`)"

EXTERNAL SOURCES:
  Capacitor:
    :path: "../../node_modules/@capacitor/ios"
  CapacitorCamera:
    :path: "../../node_modules/@capacitor/camera"
  CapacitorCordova:
    :path: "../../node_modules/@capacitor/ios"
  CapacitorFilesystem:
    :path: "../../node_modules/@capacitor/filesystem"
  CapacitorPreferences:
    :path: "../../node_modules/@capacitor/preferences"

SPEC CHECKSUMS:
  Capacitor: 1e0d0e7330dea9f983b50da737d8918abcf273f8
  CapacitorCamera: 36dd808d7a49f946c1743b41d518208777e1fbd9
  CapacitorCordova: 8d93e14982f440181be7304aa9559ca631d77fff
  CapacitorFilesystem: 45e086a4396be03456c3d53d34b17c89169dd8cd
  CapacitorPreferences: 877e40a640ee4311d4f7e334227a7b40052b9039

PODFILE CHECKSUM: 6cffd773e7e6ce540f6a3ec3aa6a2323b8819710

COCOAPODS: 1.16.2
